// !$*UTF8*$!
{
	archiveVersion = 1;
	classes = {
	};
	objectVersion = 54;
	objects = {

/* Begin PBXBuildFile section */
		00E356F31AD99517003FC87E /* movies_appTests.m in Sources */ = {isa = PBXBuildFile; fileRef = 00E356F21AD99517003FC87E /* movies_appTests.m */; };
		0C80B921A6F3F58F76C31292 /* libPods-movies_app.a in Frameworks */ = {isa = PBXBuildFile; fileRef = 5DCACB8F33CDC322A6C60F78 /* libPods-movies_app.a */; };
		13B07FBC1A68108700A75B9A /* AppDelegate.mm in Sources */ = {isa = PBXBuildFile; fileRef = 13B07FB01A68108700A75B9A /* AppDelegate.mm */; };
		13B07FBF1A68108700A75B9A /* Images.xcassets in Resources */ = {isa = PBXBuildFile; fileRef = 13B07FB51A68108700A75B9A /* Images.xcassets */; };
		13B07FC11A68108700A75B9A /* main.m in Sources */ = {isa = PBXBuildFile; fileRef = 13B07FB71A68108700A75B9A /* main.m */; };
		7699B88040F8A987B510C191 /* libPods-movies_app-movies_appTests.a in Frameworks */ = {isa = PBXBuildFile; fileRef = 19F6CBCC0A4E27FBF8BF4A61 /* libPods-movies_app-movies_appTests.a */; };
		81AB9BB82411601600AC10FF /* LaunchScreen.storyboard in Resources */ = {isa = PBXBuildFile; fileRef = 81AB9BB72411601600AC10FF /* LaunchScreen.storyboard */; };
		AFE1C8E5E1A74A8687DD7334 /* SofiaSansCondensed-Black.ttf in Resources */ = {isa = PBXBuildFile; fileRef = 24554AA5743743DEAEB155E4 /* SofiaSansCondensed-Black.ttf */; };
		567FB5A34B0F4A8FADE0D62C /* SofiaSansCondensed-BlackItalic.ttf in Resources */ = {isa = PBXBuildFile; fileRef = 6CE7BA6748A84B749FF45B7C /* SofiaSansCondensed-BlackItalic.ttf */; };
		A0C37784B9C8491DA77C3E0B /* SofiaSansCondensed-Bold.ttf in Resources */ = {isa = PBXBuildFile; fileRef = 2C964DE306574DFAA5740C6C /* SofiaSansCondensed-Bold.ttf */; };
		3640E5B9605343FABBC9F86C /* SofiaSansCondensed-BoldItalic.ttf in Resources */ = {isa = PBXBuildFile; fileRef = 4BB4E93005F44767929C8DF1 /* SofiaSansCondensed-BoldItalic.ttf */; };
		0DB2451480414A9BBDE44A5B /* SofiaSansCondensed-ExtraBold.ttf in Resources */ = {isa = PBXBuildFile; fileRef = 4FD870F3F1564995A3596BDF /* SofiaSansCondensed-ExtraBold.ttf */; };
		807FA74F23B54B41ACB9471C /* SofiaSansCondensed-ExtraBoldItalic.ttf in Resources */ = {isa = PBXBuildFile; fileRef = C47048F3889247CBACBAEB09 /* SofiaSansCondensed-ExtraBoldItalic.ttf */; };
		99B618C6C820417EBFF69D05 /* SofiaSansCondensed-ExtraLight.ttf in Resources */ = {isa = PBXBuildFile; fileRef = 8E727F4CAFC240FCAE3F746C /* SofiaSansCondensed-ExtraLight.ttf */; };
		7DF5D5CE24D347FA8B49B804 /* SofiaSansCondensed-ExtraLightItalic.ttf in Resources */ = {isa = PBXBuildFile; fileRef = 0C166F7E3BF74160823D9D30 /* SofiaSansCondensed-ExtraLightItalic.ttf */; };
		CD117FD7B0E44D3EBDF00AE0 /* SofiaSansCondensed-Italic-VariableFont_wght.ttf in Resources */ = {isa = PBXBuildFile; fileRef = D4183881FEE84997A2F83D66 /* SofiaSansCondensed-Italic-VariableFont_wght.ttf */; };
		A5C930F80E56459DA910C500 /* SofiaSansCondensed-Italic.ttf in Resources */ = {isa = PBXBuildFile; fileRef = E99A2C17744545CDBB6254F9 /* SofiaSansCondensed-Italic.ttf */; };
		746758070C3E49369F244EC4 /* SofiaSansCondensed-Light.ttf in Resources */ = {isa = PBXBuildFile; fileRef = DC81367B322B4CEC9523344B /* SofiaSansCondensed-Light.ttf */; };
		033281F5B5E24828B397D91A /* SofiaSansCondensed-LightItalic.ttf in Resources */ = {isa = PBXBuildFile; fileRef = 104D58865F744018887DA757 /* SofiaSansCondensed-LightItalic.ttf */; };
		007F9FE46B2D4CB183E5FA1E /* SofiaSansCondensed-Medium.ttf in Resources */ = {isa = PBXBuildFile; fileRef = 11D20A0846284AE3AFC9C17F /* SofiaSansCondensed-Medium.ttf */; };
		24850A76636B4371B29D62A2 /* SofiaSansCondensed-MediumItalic.ttf in Resources */ = {isa = PBXBuildFile; fileRef = 7CCB9929BD8741018F9F0A5D /* SofiaSansCondensed-MediumItalic.ttf */; };
		D33971F95C2848D99678B66E /* SofiaSansCondensed-Regular.ttf in Resources */ = {isa = PBXBuildFile; fileRef = D4D31A34780D4F6D91F19FF7 /* SofiaSansCondensed-Regular.ttf */; };
		F2DAD68498744ADCBD476DBA /* SofiaSansCondensed-SemiBold.ttf in Resources */ = {isa = PBXBuildFile; fileRef = 016B5D125FB24038B0D343D1 /* SofiaSansCondensed-SemiBold.ttf */; };
		D7F2E89832CC40D5AF150FA8 /* SofiaSansCondensed-SemiBoldItalic.ttf in Resources */ = {isa = PBXBuildFile; fileRef = 41C789CB81604F938E3F7DD0 /* SofiaSansCondensed-SemiBoldItalic.ttf */; };
		DAF2B21A06AE4B3794FEF22F /* SofiaSansCondensed-Thin.ttf in Resources */ = {isa = PBXBuildFile; fileRef = 2ECAE9D7F6574C30A4211A37 /* SofiaSansCondensed-Thin.ttf */; };
		3F41EE408F3E40918F544588 /* SofiaSansCondensed-ThinItalic.ttf in Resources */ = {isa = PBXBuildFile; fileRef = 6BE60822A2E841B6B849BB18 /* SofiaSansCondensed-ThinItalic.ttf */; };
		511D72955D7140F389CB6591 /* SofiaSansCondensed-VariableFont_wght.ttf in Resources */ = {isa = PBXBuildFile; fileRef = 3604CEBFC6194894A06E5AB4 /* SofiaSansCondensed-VariableFont_wght.ttf */; };
		2BB8CD21F0F04E2A86340E32 /* OFL.txt in Resources */ = {isa = PBXBuildFile; fileRef = A92B11CF8EB445BAAD51970E /* OFL.txt */; };
		8AF60077D8C648B9BA129EB6 /* README.txt in Resources */ = {isa = PBXBuildFile; fileRef = 75207F33A61D4A2996507D44 /* README.txt */; };
/* End PBXBuildFile section */

/* Begin PBXContainerItemProxy section */
		00E356F41AD99517003FC87E /* PBXContainerItemProxy */ = {
			isa = PBXContainerItemProxy;
			containerPortal = 83CBB9F71A601CBA00E9B192 /* Project object */;
			proxyType = 1;
			remoteGlobalIDString = 13B07F861A680F5B00A75B9A;
			remoteInfo = movies_app;
		};
/* End PBXContainerItemProxy section */

/* Begin PBXFileReference section */
		00E356EE1AD99517003FC87E /* movies_appTests.xctest */ = {isa = PBXFileReference; explicitFileType = wrapper.cfbundle; includeInIndex = 0; path = movies_appTests.xctest; sourceTree = BUILT_PRODUCTS_DIR; };
		00E356F11AD99517003FC87E /* Info.plist */ = {isa = PBXFileReference; lastKnownFileType = text.plist.xml; path = Info.plist; sourceTree = "<group>"; };
		00E356F21AD99517003FC87E /* movies_appTests.m */ = {isa = PBXFileReference; lastKnownFileType = sourcecode.c.objc; path = movies_appTests.m; sourceTree = "<group>"; };
		13B07F961A680F5B00A75B9A /* movies_app.app */ = {isa = PBXFileReference; explicitFileType = wrapper.application; includeInIndex = 0; path = movies_app.app; sourceTree = BUILT_PRODUCTS_DIR; };
		13B07FAF1A68108700A75B9A /* AppDelegate.h */ = {isa = PBXFileReference; fileEncoding = 4; lastKnownFileType = sourcecode.c.h; name = AppDelegate.h; path = movies_app/AppDelegate.h; sourceTree = "<group>"; };
		13B07FB01A68108700A75B9A /* AppDelegate.mm */ = {isa = PBXFileReference; fileEncoding = 4; lastKnownFileType = sourcecode.cpp.objcpp; name = AppDelegate.mm; path = movies_app/AppDelegate.mm; sourceTree = "<group>"; };
		13B07FB51A68108700A75B9A /* Images.xcassets */ = {isa = PBXFileReference; lastKnownFileType = folder.assetcatalog; name = Images.xcassets; path = movies_app/Images.xcassets; sourceTree = "<group>"; };
		13B07FB61A68108700A75B9A /* Info.plist */ = {isa = PBXFileReference; fileEncoding = 4; lastKnownFileType = text.plist.xml; name = Info.plist; path = movies_app/Info.plist; sourceTree = "<group>"; };
		13B07FB71A68108700A75B9A /* main.m */ = {isa = PBXFileReference; fileEncoding = 4; lastKnownFileType = sourcecode.c.objc; name = main.m; path = movies_app/main.m; sourceTree = "<group>"; };
		19F6CBCC0A4E27FBF8BF4A61 /* libPods-movies_app-movies_appTests.a */ = {isa = PBXFileReference; explicitFileType = archive.ar; includeInIndex = 0; path = "libPods-movies_app-movies_appTests.a"; sourceTree = BUILT_PRODUCTS_DIR; };
		3B4392A12AC88292D35C810B /* Pods-movies_app.debug.xcconfig */ = {isa = PBXFileReference; includeInIndex = 1; lastKnownFileType = text.xcconfig; name = "Pods-movies_app.debug.xcconfig"; path = "Target Support Files/Pods-movies_app/Pods-movies_app.debug.xcconfig"; sourceTree = "<group>"; };
		5709B34CF0A7D63546082F79 /* Pods-movies_app.release.xcconfig */ = {isa = PBXFileReference; includeInIndex = 1; lastKnownFileType = text.xcconfig; name = "Pods-movies_app.release.xcconfig"; path = "Target Support Files/Pods-movies_app/Pods-movies_app.release.xcconfig"; sourceTree = "<group>"; };
		5B7EB9410499542E8C5724F5 /* Pods-movies_app-movies_appTests.debug.xcconfig */ = {isa = PBXFileReference; includeInIndex = 1; lastKnownFileType = text.xcconfig; name = "Pods-movies_app-movies_appTests.debug.xcconfig"; path = "Target Support Files/Pods-movies_app-movies_appTests/Pods-movies_app-movies_appTests.debug.xcconfig"; sourceTree = "<group>"; };
		5DCACB8F33CDC322A6C60F78 /* libPods-movies_app.a */ = {isa = PBXFileReference; explicitFileType = archive.ar; includeInIndex = 0; path = "libPods-movies_app.a"; sourceTree = BUILT_PRODUCTS_DIR; };
		81AB9BB72411601600AC10FF /* LaunchScreen.storyboard */ = {isa = PBXFileReference; fileEncoding = 4; lastKnownFileType = file.storyboard; name = LaunchScreen.storyboard; path = movies_app/LaunchScreen.storyboard; sourceTree = "<group>"; };
		89C6BE57DB24E9ADA2F236DE /* Pods-movies_app-movies_appTests.release.xcconfig */ = {isa = PBXFileReference; includeInIndex = 1; lastKnownFileType = text.xcconfig; name = "Pods-movies_app-movies_appTests.release.xcconfig"; path = "Target Support Files/Pods-movies_app-movies_appTests/Pods-movies_app-movies_appTests.release.xcconfig"; sourceTree = "<group>"; };
		ED297162215061F000B7C4FE /* JavaScriptCore.framework */ = {isa = PBXFileReference; lastKnownFileType = wrapper.framework; name = JavaScriptCore.framework; path = System/Library/Frameworks/JavaScriptCore.framework; sourceTree = SDKROOT; };
		24554AA5743743DEAEB155E4 /* SofiaSansCondensed-Black.ttf */ = {isa = PBXFileReference; name = "SofiaSansCondensed-Black.ttf"; path = "../src/assets/fonts/SofiaSansCondensed-Black.ttf"; sourceTree = "<group>"; fileEncoding = undefined; lastKnownFileType = unknown; explicitFileType = undefined; includeInIndex = 0; };
		6CE7BA6748A84B749FF45B7C /* SofiaSansCondensed-BlackItalic.ttf */ = {isa = PBXFileReference; name = "SofiaSansCondensed-BlackItalic.ttf"; path = "../src/assets/fonts/SofiaSansCondensed-BlackItalic.ttf"; sourceTree = "<group>"; fileEncoding = undefined; lastKnownFileType = unknown; explicitFileType = undefined; includeInIndex = 0; };
		2C964DE306574DFAA5740C6C /* SofiaSansCondensed-Bold.ttf */ = {isa = PBXFileReference; name = "SofiaSansCondensed-Bold.ttf"; path = "../src/assets/fonts/SofiaSansCondensed-Bold.ttf"; sourceTree = "<group>"; fileEncoding = undefined; lastKnownFileType = unknown; explicitFileType = undefined; includeInIndex = 0; };
		4BB4E93005F44767929C8DF1 /* SofiaSansCondensed-BoldItalic.ttf */ = {isa = PBXFileReference; name = "SofiaSansCondensed-BoldItalic.ttf"; path = "../src/assets/fonts/SofiaSansCondensed-BoldItalic.ttf"; sourceTree = "<group>"; fileEncoding = undefined; lastKnownFileType = unknown; explicitFileType = undefined; includeInIndex = 0; };
		4FD870F3F1564995A3596BDF /* SofiaSansCondensed-ExtraBold.ttf */ = {isa = PBXFileReference; name = "SofiaSansCondensed-ExtraBold.ttf"; path = "../src/assets/fonts/SofiaSansCondensed-ExtraBold.ttf"; sourceTree = "<group>"; fileEncoding = undefined; lastKnownFileType = unknown; explicitFileType = undefined; includeInIndex = 0; };
		C47048F3889247CBACBAEB09 /* SofiaSansCondensed-ExtraBoldItalic.ttf */ = {isa = PBXFileReference; name = "SofiaSansCondensed-ExtraBoldItalic.ttf"; path = "../src/assets/fonts/SofiaSansCondensed-ExtraBoldItalic.ttf"; sourceTree = "<group>"; fileEncoding = undefined; lastKnownFileType = unknown; explicitFileType = undefined; includeInIndex = 0; };
		8E727F4CAFC240FCAE3F746C /* SofiaSansCondensed-ExtraLight.ttf */ = {isa = PBXFileReference; name = "SofiaSansCondensed-ExtraLight.ttf"; path = "../src/assets/fonts/SofiaSansCondensed-ExtraLight.ttf"; sourceTree = "<group>"; fileEncoding = undefined; lastKnownFileType = unknown; explicitFileType = undefined; includeInIndex = 0; };
		0C166F7E3BF74160823D9D30 /* SofiaSansCondensed-ExtraLightItalic.ttf */ = {isa = PBXFileReference; name = "SofiaSansCondensed-ExtraLightItalic.ttf"; path = "../src/assets/fonts/SofiaSansCondensed-ExtraLightItalic.ttf"; sourceTree = "<group>"; fileEncoding = undefined; lastKnownFileType = unknown; explicitFileType = undefined; includeInIndex = 0; };
		D4183881FEE84997A2F83D66 /* SofiaSansCondensed-Italic-VariableFont_wght.ttf */ = {isa = PBXFileReference; name = "SofiaSansCondensed-Italic-VariableFont_wght.ttf"; path = "../src/assets/fonts/SofiaSansCondensed-Italic-VariableFont_wght.ttf"; sourceTree = "<group>"; fileEncoding = undefined; lastKnownFileType = unknown; explicitFileType = undefined; includeInIndex = 0; };
		E99A2C17744545CDBB6254F9 /* SofiaSansCondensed-Italic.ttf */ = {isa = PBXFileReference; name = "SofiaSansCondensed-Italic.ttf"; path = "../src/assets/fonts/SofiaSansCondensed-Italic.ttf"; sourceTree = "<group>"; fileEncoding = undefined; lastKnownFileType = unknown; explicitFileType = undefined; includeInIndex = 0; };
		DC81367B322B4CEC9523344B /* SofiaSansCondensed-Light.ttf */ = {isa = PBXFileReference; name = "SofiaSansCondensed-Light.ttf"; path = "../src/assets/fonts/SofiaSansCondensed-Light.ttf"; sourceTree = "<group>"; fileEncoding = undefined; lastKnownFileType = unknown; explicitFileType = undefined; includeInIndex = 0; };
		104D58865F744018887DA757 /* SofiaSansCondensed-LightItalic.ttf */ = {isa = PBXFileReference; name = "SofiaSansCondensed-LightItalic.ttf"; path = "../src/assets/fonts/SofiaSansCondensed-LightItalic.ttf"; sourceTree = "<group>"; fileEncoding = undefined; lastKnownFileType = unknown; explicitFileType = undefined; includeInIndex = 0; };
		11D20A0846284AE3AFC9C17F /* SofiaSansCondensed-Medium.ttf */ = {isa = PBXFileReference; name = "SofiaSansCondensed-Medium.ttf"; path = "../src/assets/fonts/SofiaSansCondensed-Medium.ttf"; sourceTree = "<group>"; fileEncoding = undefined; lastKnownFileType = unknown; explicitFileType = undefined; includeInIndex = 0; };
		7CCB9929BD8741018F9F0A5D /* SofiaSansCondensed-MediumItalic.ttf */ = {isa = PBXFileReference; name = "SofiaSansCondensed-MediumItalic.ttf"; path = "../src/assets/fonts/SofiaSansCondensed-MediumItalic.ttf"; sourceTree = "<group>"; fileEncoding = undefined; lastKnownFileType = unknown; explicitFileType = undefined; includeInIndex = 0; };
		D4D31A34780D4F6D91F19FF7 /* SofiaSansCondensed-Regular.ttf */ = {isa = PBXFileReference; name = "SofiaSansCondensed-Regular.ttf"; path = "../src/assets/fonts/SofiaSansCondensed-Regular.ttf"; sourceTree = "<group>"; fileEncoding = undefined; lastKnownFileType = unknown; explicitFileType = undefined; includeInIndex = 0; };
		016B5D125FB24038B0D343D1 /* SofiaSansCondensed-SemiBold.ttf */ = {isa = PBXFileReference; name = "SofiaSansCondensed-SemiBold.ttf"; path = "../src/assets/fonts/SofiaSansCondensed-SemiBold.ttf"; sourceTree = "<group>"; fileEncoding = undefined; lastKnownFileType = unknown; explicitFileType = undefined; includeInIndex = 0; };
		41C789CB81604F938E3F7DD0 /* SofiaSansCondensed-SemiBoldItalic.ttf */ = {isa = PBXFileReference; name = "SofiaSansCondensed-SemiBoldItalic.ttf"; path = "../src/assets/fonts/SofiaSansCondensed-SemiBoldItalic.ttf"; sourceTree = "<group>"; fileEncoding = undefined; lastKnownFileType = unknown; explicitFileType = undefined; includeInIndex = 0; };
		2ECAE9D7F6574C30A4211A37 /* SofiaSansCondensed-Thin.ttf */ = {isa = PBXFileReference; name = "SofiaSansCondensed-Thin.ttf"; path = "../src/assets/fonts/SofiaSansCondensed-Thin.ttf"; sourceTree = "<group>"; fileEncoding = undefined; lastKnownFileType = unknown; explicitFileType = undefined; includeInIndex = 0; };
		6BE60822A2E841B6B849BB18 /* SofiaSansCondensed-ThinItalic.ttf */ = {isa = PBXFileReference; name = "SofiaSansCondensed-ThinItalic.ttf"; path = "../src/assets/fonts/SofiaSansCondensed-ThinItalic.ttf"; sourceTree = "<group>"; fileEncoding = undefined; lastKnownFileType = unknown; explicitFileType = undefined; includeInIndex = 0; };
		3604CEBFC6194894A06E5AB4 /* SofiaSansCondensed-VariableFont_wght.ttf */ = {isa = PBXFileReference; name = "SofiaSansCondensed-VariableFont_wght.ttf"; path = "../src/assets/fonts/SofiaSansCondensed-VariableFont_wght.ttf"; sourceTree = "<group>"; fileEncoding = undefined; lastKnownFileType = unknown; explicitFileType = undefined; includeInIndex = 0; };
		A92B11CF8EB445BAAD51970E /* OFL.txt */ = {isa = PBXFileReference; name = "OFL.txt"; path = "../src/assets/fonts/OFL.txt"; sourceTree = "<group>"; fileEncoding = undefined; lastKnownFileType = unknown; explicitFileType = undefined; includeInIndex = 0; };
		75207F33A61D4A2996507D44 /* README.txt */ = {isa = PBXFileReference; name = "README.txt"; path = "../src/assets/fonts/README.txt"; sourceTree = "<group>"; fileEncoding = undefined; lastKnownFileType = unknown; explicitFileType = undefined; includeInIndex = 0; };
/* End PBXFileReference section */

/* Begin PBXFrameworksBuildPhase section */
		00E356EB1AD99517003FC87E /* Frameworks */ = {
			isa = PBXFrameworksBuildPhase;
			buildActionMask = 2147483647;
			files = (
				7699B88040F8A987B510C191 /* libPods-movies_app-movies_appTests.a in Frameworks */,
			);
			runOnlyForDeploymentPostprocessing = 0;
		};
		13B07F8C1A680F5B00A75B9A /* Frameworks */ = {
			isa = PBXFrameworksBuildPhase;
			buildActionMask = 2147483647;
			files = (
				0C80B921A6F3F58F76C31292 /* libPods-movies_app.a in Frameworks */,
			);
			runOnlyForDeploymentPostprocessing = 0;
		};
/* End PBXFrameworksBuildPhase section */

/* Begin PBXGroup section */
		00E356EF1AD99517003FC87E /* movies_appTests */ = {
			isa = PBXGroup;
			children = (
				00E356F21AD99517003FC87E /* movies_appTests.m */,
				00E356F01AD99517003FC87E /* Supporting Files */,
			);
			path = movies_appTests;
			sourceTree = "<group>";
		};
		00E356F01AD99517003FC87E /* Supporting Files */ = {
			isa = PBXGroup;
			children = (
				00E356F11AD99517003FC87E /* Info.plist */,
			);
			name = "Supporting Files";
			sourceTree = "<group>";
		};
		13B07FAE1A68108700A75B9A /* movies_app */ = {
			isa = PBXGroup;
			children = (
				13B07FAF1A68108700A75B9A /* AppDelegate.h */,
				13B07FB01A68108700A75B9A /* AppDelegate.mm */,
				13B07FB51A68108700A75B9A /* Images.xcassets */,
				13B07FB61A68108700A75B9A /* Info.plist */,
				81AB9BB72411601600AC10FF /* LaunchScreen.storyboard */,
				13B07FB71A68108700A75B9A /* main.m */,
			);
			name = movies_app;
			sourceTree = "<group>";
		};
		2D16E6871FA4F8E400B85C8A /* Frameworks */ = {
			isa = PBXGroup;
			children = (
				ED297162215061F000B7C4FE /* JavaScriptCore.framework */,
				5DCACB8F33CDC322A6C60F78 /* libPods-movies_app.a */,
				19F6CBCC0A4E27FBF8BF4A61 /* libPods-movies_app-movies_appTests.a */,
			);
			name = Frameworks;
			sourceTree = "<group>";
		};
		832341AE1AAA6A7D00B99B32 /* Libraries */ = {
			isa = PBXGroup;
			children = (
			);
			name = Libraries;
			sourceTree = "<group>";
		};
		83CBB9F61A601CBA00E9B192 = {
			isa = PBXGroup;
			children = (
				13B07FAE1A68108700A75B9A /* movies_app */,
				832341AE1AAA6A7D00B99B32 /* Libraries */,
				00E356EF1AD99517003FC87E /* movies_appTests */,
				83CBBA001A601CBA00E9B192 /* Products */,
				2D16E6871FA4F8E400B85C8A /* Frameworks */,
				BBD78D7AC51CEA395F1C20DB /* Pods */,
				09E39D002A534B16B7BEC666 /* Resources */,
			);
			indentWidth = 2;
			sourceTree = "<group>";
			tabWidth = 2;
			usesTabs = 0;
		};
		83CBBA001A601CBA00E9B192 /* Products */ = {
			isa = PBXGroup;
			children = (
				13B07F961A680F5B00A75B9A /* movies_app.app */,
				00E356EE1AD99517003FC87E /* movies_appTests.xctest */,
			);
			name = Products;
			sourceTree = "<group>";
		};
		BBD78D7AC51CEA395F1C20DB /* Pods */ = {
			isa = PBXGroup;
			children = (
				3B4392A12AC88292D35C810B /* Pods-movies_app.debug.xcconfig */,
				5709B34CF0A7D63546082F79 /* Pods-movies_app.release.xcconfig */,
				5B7EB9410499542E8C5724F5 /* Pods-movies_app-movies_appTests.debug.xcconfig */,
				89C6BE57DB24E9ADA2F236DE /* Pods-movies_app-movies_appTests.release.xcconfig */,
			);
			path = Pods;
			sourceTree = "<group>";
		};
		09E39D002A534B16B7BEC666 /* Resources */ = {
			isa = "PBXGroup";
			children = (
				24554AA5743743DEAEB155E4 /* SofiaSansCondensed-Black.ttf */,
				6CE7BA6748A84B749FF45B7C /* SofiaSansCondensed-BlackItalic.ttf */,
				2C964DE306574DFAA5740C6C /* SofiaSansCondensed-Bold.ttf */,
				4BB4E93005F44767929C8DF1 /* SofiaSansCondensed-BoldItalic.ttf */,
				4FD870F3F1564995A3596BDF /* SofiaSansCondensed-ExtraBold.ttf */,
				C47048F3889247CBACBAEB09 /* SofiaSansCondensed-ExtraBoldItalic.ttf */,
				8E727F4CAFC240FCAE3F746C /* SofiaSansCondensed-ExtraLight.ttf */,
				0C166F7E3BF74160823D9D30 /* SofiaSansCondensed-ExtraLightItalic.ttf */,
				D4183881FEE84997A2F83D66 /* SofiaSansCondensed-Italic-VariableFont_wght.ttf */,
				E99A2C17744545CDBB6254F9 /* SofiaSansCondensed-Italic.ttf */,
				DC81367B322B4CEC9523344B /* SofiaSansCondensed-Light.ttf */,
				104D58865F744018887DA757 /* SofiaSansCondensed-LightItalic.ttf */,
				11D20A0846284AE3AFC9C17F /* SofiaSansCondensed-Medium.ttf */,
				7CCB9929BD8741018F9F0A5D /* SofiaSansCondensed-MediumItalic.ttf */,
				D4D31A34780D4F6D91F19FF7 /* SofiaSansCondensed-Regular.ttf */,
				016B5D125FB24038B0D343D1 /* SofiaSansCondensed-SemiBold.ttf */,
				41C789CB81604F938E3F7DD0 /* SofiaSansCondensed-SemiBoldItalic.ttf */,
				2ECAE9D7F6574C30A4211A37 /* SofiaSansCondensed-Thin.ttf */,
				6BE60822A2E841B6B849BB18 /* SofiaSansCondensed-ThinItalic.ttf */,
				3604CEBFC6194894A06E5AB4 /* SofiaSansCondensed-VariableFont_wght.ttf */,
				A92B11CF8EB445BAAD51970E /* OFL.txt */,
				75207F33A61D4A2996507D44 /* README.txt */,
			);
			name = Resources;
			sourceTree = "<group>";
			path = "";
		};
/* End PBXGroup section */

/* Begin PBXNativeTarget section */
		00E356ED1AD99517003FC87E /* movies_appTests */ = {
			isa = PBXNativeTarget;
			buildConfigurationList = 00E357021AD99517003FC87E /* Build configuration list for PBXNativeTarget "movies_appTests" */;
			buildPhases = (
				A55EABD7B0C7F3A422A6CC61 /* [CP] Check Pods Manifest.lock */,
				00E356EA1AD99517003FC87E /* Sources */,
				00E356EB1AD99517003FC87E /* Frameworks */,
				00E356EC1AD99517003FC87E /* Resources */,
				C59DA0FBD6956966B86A3779 /* [CP] Embed Pods Frameworks */,
				F6A41C54EA430FDDC6A6ED99 /* [CP] Copy Pods Resources */,
			);
			buildRules = (
			);
			dependencies = (
				00E356F51AD99517003FC87E /* PBXTargetDependency */,
			);
			name = movies_appTests;
			productName = movies_appTests;
			productReference = 00E356EE1AD99517003FC87E /* movies_appTests.xctest */;
			productType = "com.apple.product-type.bundle.unit-test";
		};
		13B07F861A680F5B00A75B9A /* movies_app */ = {
			isa = PBXNativeTarget;
			buildConfigurationList = 13B07F931A680F5B00A75B9A /* Build configuration list for PBXNativeTarget "movies_app" */;
			buildPhases = (
				C38B50BA6285516D6DCD4F65 /* [CP] Check Pods Manifest.lock */,
				FD10A7F022414F080027D42C /* Start Packager */,
				13B07F871A680F5B00A75B9A /* Sources */,
				13B07F8C1A680F5B00A75B9A /* Frameworks */,
				13B07F8E1A680F5B00A75B9A /* Resources */,
				00DD1BFF1BD5951E006B06BC /* Bundle React Native code and images */,
				00EEFC60759A1932668264C0 /* [CP] Embed Pods Frameworks */,
				E235C05ADACE081382539298 /* [CP] Copy Pods Resources */,
			);
			buildRules = (
			);
			dependencies = (
			);
			name = movies_app;
			productName = movies_app;
			productReference = 13B07F961A680F5B00A75B9A /* movies_app.app */;
			productType = "com.apple.product-type.application";
		};
/* End PBXNativeTarget section */

/* Begin PBXProject section */
		83CBB9F71A601CBA00E9B192 /* Project object */ = {
			isa = PBXProject;
			attributes = {
				LastUpgradeCheck = 1210;
				TargetAttributes = {
					00E356ED1AD99517003FC87E = {
						CreatedOnToolsVersion = 6.2;
						TestTargetID = 13B07F861A680F5B00A75B9A;
					};
					13B07F861A680F5B00A75B9A = {
						LastSwiftMigration = 1120;
					};
				};
			};
			buildConfigurationList = 83CBB9FA1A601CBA00E9B192 /* Build configuration list for PBXProject "movies_app" */;
			compatibilityVersion = "Xcode 12.0";
			developmentRegion = en;
			hasScannedForEncodings = 0;
			knownRegions = (
				en,
				Base,
			);
			mainGroup = 83CBB9F61A601CBA00E9B192;
			productRefGroup = 83CBBA001A601CBA00E9B192 /* Products */;
			projectDirPath = "";
			projectRoot = "";
			targets = (
				13B07F861A680F5B00A75B9A /* movies_app */,
				00E356ED1AD99517003FC87E /* movies_appTests */,
			);
		};
/* End PBXProject section */

/* Begin PBXResourcesBuildPhase section */
		00E356EC1AD99517003FC87E /* Resources */ = {
			isa = PBXResourcesBuildPhase;
			buildActionMask = 2147483647;
			files = (
			);
			runOnlyForDeploymentPostprocessing = 0;
		};
		13B07F8E1A680F5B00A75B9A /* Resources */ = {
			isa = PBXResourcesBuildPhase;
			buildActionMask = 2147483647;
			files = (
				81AB9BB82411601600AC10FF /* LaunchScreen.storyboard in Resources */,
				13B07FBF1A68108700A75B9A /* Images.xcassets in Resources */,
				AFE1C8E5E1A74A8687DD7334 /* SofiaSansCondensed-Black.ttf in Resources */,
				567FB5A34B0F4A8FADE0D62C /* SofiaSansCondensed-BlackItalic.ttf in Resources */,
				A0C37784B9C8491DA77C3E0B /* SofiaSansCondensed-Bold.ttf in Resources */,
				3640E5B9605343FABBC9F86C /* SofiaSansCondensed-BoldItalic.ttf in Resources */,
				0DB2451480414A9BBDE44A5B /* SofiaSansCondensed-ExtraBold.ttf in Resources */,
				807FA74F23B54B41ACB9471C /* SofiaSansCondensed-ExtraBoldItalic.ttf in Resources */,
				99B618C6C820417EBFF69D05 /* SofiaSansCondensed-ExtraLight.ttf in Resources */,
				7DF5D5CE24D347FA8B49B804 /* SofiaSansCondensed-ExtraLightItalic.ttf in Resources */,
				CD117FD7B0E44D3EBDF00AE0 /* SofiaSansCondensed-Italic-VariableFont_wght.ttf in Resources */,
				A5C930F80E56459DA910C500 /* SofiaSansCondensed-Italic.ttf in Resources */,
				746758070C3E49369F244EC4 /* SofiaSansCondensed-Light.ttf in Resources */,
				033281F5B5E24828B397D91A /* SofiaSansCondensed-LightItalic.ttf in Resources */,
				007F9FE46B2D4CB183E5FA1E /* SofiaSansCondensed-Medium.ttf in Resources */,
				24850A76636B4371B29D62A2 /* SofiaSansCondensed-MediumItalic.ttf in Resources */,
				D33971F95C2848D99678B66E /* SofiaSansCondensed-Regular.ttf in Resources */,
				F2DAD68498744ADCBD476DBA /* SofiaSansCondensed-SemiBold.ttf in Resources */,
				D7F2E89832CC40D5AF150FA8 /* SofiaSansCondensed-SemiBoldItalic.ttf in Resources */,
				DAF2B21A06AE4B3794FEF22F /* SofiaSansCondensed-Thin.ttf in Resources */,
				3F41EE408F3E40918F544588 /* SofiaSansCondensed-ThinItalic.ttf in Resources */,
				511D72955D7140F389CB6591 /* SofiaSansCondensed-VariableFont_wght.ttf in Resources */,
				2BB8CD21F0F04E2A86340E32 /* OFL.txt in Resources */,
				8AF60077D8C648B9BA129EB6 /* README.txt in Resources */,
			);
			runOnlyForDeploymentPostprocessing = 0;
		};
/* End PBXResourcesBuildPhase section */

/* Begin PBXShellScriptBuildPhase section */
		00DD1BFF1BD5951E006B06BC /* Bundle React Native code and images */ = {
			isa = PBXShellScriptBuildPhase;
			buildActionMask = 2147483647;
			files = (
			);
			inputPaths = (
				"$(SRCROOT)/.xcode.env.local",
				"$(SRCROOT)/.xcode.env",
			);
			name = "Bundle React Native code and images";
			outputPaths = (
			);
			runOnlyForDeploymentPostprocessing = 0;
			shellPath = /bin/sh;
			shellScript = "set -e\n\nWITH_ENVIRONMENT=\"../node_modules/react-native/scripts/xcode/with-environment.sh\"\nREACT_NATIVE_XCODE=\"../node_modules/react-native/scripts/react-native-xcode.sh\"\n\n/bin/sh -c \"$WITH_ENVIRONMENT $REACT_NATIVE_XCODE\"\n";
		};
		00EEFC60759A1932668264C0 /* [CP] Embed Pods Frameworks */ = {
			isa = PBXShellScriptBuildPhase;
			buildActionMask = 2147483647;
			files = (
			);
			inputFileListPaths = (
				"${PODS_ROOT}/Target Support Files/Pods-movies_app/Pods-movies_app-frameworks-${CONFIGURATION}-input-files.xcfilelist",
			);
			name = "[CP] Embed Pods Frameworks";
			outputFileListPaths = (
				"${PODS_ROOT}/Target Support Files/Pods-movies_app/Pods-movies_app-frameworks-${CONFIGURATION}-output-files.xcfilelist",
			);
			runOnlyForDeploymentPostprocessing = 0;
			shellPath = /bin/sh;
			shellScript = "\"${PODS_ROOT}/Target Support Files/Pods-movies_app/Pods-movies_app-frameworks.sh\"\n";
			showEnvVarsInLog = 0;
		};
		A55EABD7B0C7F3A422A6CC61 /* [CP] Check Pods Manifest.lock */ = {
			isa = PBXShellScriptBuildPhase;
			buildActionMask = 2147483647;
			files = (
			);
			inputFileListPaths = (
			);
			inputPaths = (
				"${PODS_PODFILE_DIR_PATH}/Podfile.lock",
				"${PODS_ROOT}/Manifest.lock",
			);
			name = "[CP] Check Pods Manifest.lock";
			outputFileListPaths = (
			);
			outputPaths = (
				"$(DERIVED_FILE_DIR)/Pods-movies_app-movies_appTests-checkManifestLockResult.txt",
			);
			runOnlyForDeploymentPostprocessing = 0;
			shellPath = /bin/sh;
			shellScript = "diff \"${PODS_PODFILE_DIR_PATH}/Podfile.lock\" \"${PODS_ROOT}/Manifest.lock\" > /dev/null\nif [ $? != 0 ] ; then\n    # print error to STDERR\n    echo \"error: The sandbox is not in sync with the Podfile.lock. Run 'pod install' or update your CocoaPods installation.\" >&2\n    exit 1\nfi\n# This output is used by Xcode 'outputs' to avoid re-running this script phase.\necho \"SUCCESS\" > \"${SCRIPT_OUTPUT_FILE_0}\"\n";
			showEnvVarsInLog = 0;
		};
		C38B50BA6285516D6DCD4F65 /* [CP] Check Pods Manifest.lock */ = {
			isa = PBXShellScriptBuildPhase;
			buildActionMask = 2147483647;
			files = (
			);
			inputFileListPaths = (
			);
			inputPaths = (
				"${PODS_PODFILE_DIR_PATH}/Podfile.lock",
				"${PODS_ROOT}/Manifest.lock",
			);
			name = "[CP] Check Pods Manifest.lock";
			outputFileListPaths = (
			);
			outputPaths = (
				"$(DERIVED_FILE_DIR)/Pods-movies_app-checkManifestLockResult.txt",
			);
			runOnlyForDeploymentPostprocessing = 0;
			shellPath = /bin/sh;
			shellScript = "diff \"${PODS_PODFILE_DIR_PATH}/Podfile.lock\" \"${PODS_ROOT}/Manifest.lock\" > /dev/null\nif [ $? != 0 ] ; then\n    # print error to STDERR\n    echo \"error: The sandbox is not in sync with the Podfile.lock. Run 'pod install' or update your CocoaPods installation.\" >&2\n    exit 1\nfi\n# This output is used by Xcode 'outputs' to avoid re-running this script phase.\necho \"SUCCESS\" > \"${SCRIPT_OUTPUT_FILE_0}\"\n";
			showEnvVarsInLog = 0;
		};
		C59DA0FBD6956966B86A3779 /* [CP] Embed Pods Frameworks */ = {
			isa = PBXShellScriptBuildPhase;
			buildActionMask = 2147483647;
			files = (
			);
			inputFileListPaths = (
				"${PODS_ROOT}/Target Support Files/Pods-movies_app-movies_appTests/Pods-movies_app-movies_appTests-frameworks-${CONFIGURATION}-input-files.xcfilelist",
			);
			name = "[CP] Embed Pods Frameworks";
			outputFileListPaths = (
				"${PODS_ROOT}/Target Support Files/Pods-movies_app-movies_appTests/Pods-movies_app-movies_appTests-frameworks-${CONFIGURATION}-output-files.xcfilelist",
			);
			runOnlyForDeploymentPostprocessing = 0;
			shellPath = /bin/sh;
			shellScript = "\"${PODS_ROOT}/Target Support Files/Pods-movies_app-movies_appTests/Pods-movies_app-movies_appTests-frameworks.sh\"\n";
			showEnvVarsInLog = 0;
		};
		E235C05ADACE081382539298 /* [CP] Copy Pods Resources */ = {
			isa = PBXShellScriptBuildPhase;
			buildActionMask = 2147483647;
			files = (
			);
			inputFileListPaths = (
				"${PODS_ROOT}/Target Support Files/Pods-movies_app/Pods-movies_app-resources-${CONFIGURATION}-input-files.xcfilelist",
			);
			name = "[CP] Copy Pods Resources";
			outputFileListPaths = (
				"${PODS_ROOT}/Target Support Files/Pods-movies_app/Pods-movies_app-resources-${CONFIGURATION}-output-files.xcfilelist",
			);
			runOnlyForDeploymentPostprocessing = 0;
			shellPath = /bin/sh;
			shellScript = "\"${PODS_ROOT}/Target Support Files/Pods-movies_app/Pods-movies_app-resources.sh\"\n";
			showEnvVarsInLog = 0;
		};
		F6A41C54EA430FDDC6A6ED99 /* [CP] Copy Pods Resources */ = {
			isa = PBXShellScriptBuildPhase;
			buildActionMask = 2147483647;
			files = (
			);
			inputFileListPaths = (
				"${PODS_ROOT}/Target Support Files/Pods-movies_app-movies_appTests/Pods-movies_app-movies_appTests-resources-${CONFIGURATION}-input-files.xcfilelist",
			);
			name = "[CP] Copy Pods Resources";
			outputFileListPaths = (
				"${PODS_ROOT}/Target Support Files/Pods-movies_app-movies_appTests/Pods-movies_app-movies_appTests-resources-${CONFIGURATION}-output-files.xcfilelist",
			);
			runOnlyForDeploymentPostprocessing = 0;
			shellPath = /bin/sh;
			shellScript = "\"${PODS_ROOT}/Target Support Files/Pods-movies_app-movies_appTests/Pods-movies_app-movies_appTests-resources.sh\"\n";
			showEnvVarsInLog = 0;
		};
		FD10A7F022414F080027D42C /* Start Packager */ = {
			isa = PBXShellScriptBuildPhase;
			buildActionMask = 2147483647;
			files = (
			);
			inputFileListPaths = (
			);
			inputPaths = (
			);
			name = "Start Packager";
			outputFileListPaths = (
			);
			outputPaths = (
			);
			runOnlyForDeploymentPostprocessing = 0;
			shellPath = /bin/sh;
			shellScript = "export RCT_METRO_PORT=\"${RCT_METRO_PORT:=8081}\"\necho \"export RCT_METRO_PORT=${RCT_METRO_PORT}\" > \"${SRCROOT}/../node_modules/react-native/scripts/.packager.env\"\nif [ -z \"${RCT_NO_LAUNCH_PACKAGER+xxx}\" ] ; then\n  if nc -w 5 -z localhost ${RCT_METRO_PORT} ; then\n    if ! curl -s \"http://localhost:${RCT_METRO_PORT}/status\" | grep -q \"packager-status:running\" ; then\n      echo \"Port ${RCT_METRO_PORT} already in use, packager is either not running or not running correctly\"\n      exit 2\n    fi\n  else\n    open \"$SRCROOT/../node_modules/react-native/scripts/launchPackager.command\" || echo \"Can't start packager automatically\"\n  fi\nfi\n";
			showEnvVarsInLog = 0;
		};
/* End PBXShellScriptBuildPhase section */

/* Begin PBXSourcesBuildPhase section */
		00E356EA1AD99517003FC87E /* Sources */ = {
			isa = PBXSourcesBuildPhase;
			buildActionMask = 2147483647;
			files = (
				00E356F31AD99517003FC87E /* movies_appTests.m in Sources */,
			);
			runOnlyForDeploymentPostprocessing = 0;
		};
		13B07F871A680F5B00A75B9A /* Sources */ = {
			isa = PBXSourcesBuildPhase;
			buildActionMask = 2147483647;
			files = (
				13B07FBC1A68108700A75B9A /* AppDelegate.mm in Sources */,
				13B07FC11A68108700A75B9A /* main.m in Sources */,
			);
			runOnlyForDeploymentPostprocessing = 0;
		};
/* End PBXSourcesBuildPhase section */

/* Begin PBXTargetDependency section */
		00E356F51AD99517003FC87E /* PBXTargetDependency */ = {
			isa = PBXTargetDependency;
			target = 13B07F861A680F5B00A75B9A /* movies_app */;
			targetProxy = 00E356F41AD99517003FC87E /* PBXContainerItemProxy */;
		};
/* End PBXTargetDependency section */

/* Begin XCBuildConfiguration section */
		00E356F61AD99517003FC87E /* Debug */ = {
			isa = XCBuildConfiguration;
			baseConfigurationReference = 5B7EB9410499542E8C5724F5 /* Pods-movies_app-movies_appTests.debug.xcconfig */;
			buildSettings = {
				BUNDLE_LOADER = "$(TEST_HOST)";
				GCC_PREPROCESSOR_DEFINITIONS = (
					"DEBUG=1",
					"$(inherited)",
				);
				INFOPLIST_FILE = movies_appTests/Info.plist;
				IPHONEOS_DEPLOYMENT_TARGET = 12.4;
				LD_RUNPATH_SEARCH_PATHS = (
					"$(inherited)",
					"@executable_path/Frameworks",
					"@loader_path/Frameworks",
				);
				OTHER_LDFLAGS = (
					"-ObjC",
					"-lc++",
					"$(inherited)",
				);
				PRODUCT_BUNDLE_IDENTIFIER = "org.reactjs.native.example.$(PRODUCT_NAME:rfc1034identifier)";
				PRODUCT_NAME = "$(TARGET_NAME)";
				TEST_HOST = "$(BUILT_PRODUCTS_DIR)/movies_app.app/movies_app";
			};
			name = Debug;
		};
		00E356F71AD99517003FC87E /* Release */ = {
			isa = XCBuildConfiguration;
			baseConfigurationReference = 89C6BE57DB24E9ADA2F236DE /* Pods-movies_app-movies_appTests.release.xcconfig */;
			buildSettings = {
				BUNDLE_LOADER = "$(TEST_HOST)";
				COPY_PHASE_STRIP = NO;
				INFOPLIST_FILE = movies_appTests/Info.plist;
				IPHONEOS_DEPLOYMENT_TARGET = 12.4;
				LD_RUNPATH_SEARCH_PATHS = (
					"$(inherited)",
					"@executable_path/Frameworks",
					"@loader_path/Frameworks",
				);
				OTHER_LDFLAGS = (
					"-ObjC",
					"-lc++",
					"$(inherited)",
				);
				PRODUCT_BUNDLE_IDENTIFIER = "org.reactjs.native.example.$(PRODUCT_NAME:rfc1034identifier)";
				PRODUCT_NAME = "$(TARGET_NAME)";
				TEST_HOST = "$(BUILT_PRODUCTS_DIR)/movies_app.app/movies_app";
			};
			name = Release;
		};
		13B07F941A680F5B00A75B9A /* Debug */ = {
			isa = XCBuildConfiguration;
			baseConfigurationReference = 3B4392A12AC88292D35C810B /* Pods-movies_app.debug.xcconfig */;
			buildSettings = {
				ASSETCATALOG_COMPILER_APPICON_NAME = AppIcon;
				CLANG_ENABLE_MODULES = YES;
				CURRENT_PROJECT_VERSION = 1;
				ENABLE_BITCODE = NO;
				INFOPLIST_FILE = movies_app/Info.plist;
				LD_RUNPATH_SEARCH_PATHS = (
					"$(inherited)",
					"@executable_path/Frameworks",
				);
				MARKETING_VERSION = 1.0;
				OTHER_LDFLAGS = (
					"$(inherited)",
					"-ObjC",
					"-lc++",
				);
				PRODUCT_BUNDLE_IDENTIFIER = "org.reactjs.native.example.$(PRODUCT_NAME:rfc1034identifier)";
				PRODUCT_NAME = movies_app;
				SWIFT_OPTIMIZATION_LEVEL = "-Onone";
				SWIFT_VERSION = 5.0;
				VERSIONING_SYSTEM = "apple-generic";
			};
			name = Debug;
		};
		13B07F951A680F5B00A75B9A /* Release */ = {
			isa = XCBuildConfiguration;
			baseConfigurationReference = 5709B34CF0A7D63546082F79 /* Pods-movies_app.release.xcconfig */;
			buildSettings = {
				ASSETCATALOG_COMPILER_APPICON_NAME = AppIcon;
				CLANG_ENABLE_MODULES = YES;
				CURRENT_PROJECT_VERSION = 1;
				INFOPLIST_FILE = movies_app/Info.plist;
				LD_RUNPATH_SEARCH_PATHS = (
					"$(inherited)",
					"@executable_path/Frameworks",
				);
				MARKETING_VERSION = 1.0;
				OTHER_LDFLAGS = (
					"$(inherited)",
					"-ObjC",
					"-lc++",
				);
				PRODUCT_BUNDLE_IDENTIFIER = "org.reactjs.native.example.$(PRODUCT_NAME:rfc1034identifier)";
				PRODUCT_NAME = movies_app;
				SWIFT_VERSION = 5.0;
				VERSIONING_SYSTEM = "apple-generic";
			};
			name = Release;
		};
		83CBBA201A601CBA00E9B192 /* Debug */ = {
			isa = XCBuildConfiguration;
			buildSettings = {
				ALWAYS_SEARCH_USER_PATHS = NO;
				CLANG_ANALYZER_LOCALIZABILITY_NONLOCALIZED = YES;
				CLANG_CXX_LANGUAGE_STANDARD = "c++17";
				CLANG_CXX_LIBRARY = "libc++";
				CLANG_ENABLE_MODULES = YES;
				CLANG_ENABLE_OBJC_ARC = YES;
				CLANG_WARN_BLOCK_CAPTURE_AUTORELEASING = YES;
				CLANG_WARN_BOOL_CONVERSION = YES;
				CLANG_WARN_COMMA = YES;
				CLANG_WARN_CONSTANT_CONVERSION = YES;
				CLANG_WARN_DEPRECATED_OBJC_IMPLEMENTATIONS = YES;
				CLANG_WARN_DIRECT_OBJC_ISA_USAGE = YES_ERROR;
				CLANG_WARN_EMPTY_BODY = YES;
				CLANG_WARN_ENUM_CONVERSION = YES;
				CLANG_WARN_INFINITE_RECURSION = YES;
				CLANG_WARN_INT_CONVERSION = YES;
				CLANG_WARN_NON_LITERAL_NULL_CONVERSION = YES;
				CLANG_WARN_OBJC_IMPLICIT_RETAIN_SELF = YES;
				CLANG_WARN_OBJC_LITERAL_CONVERSION = YES;
				CLANG_WARN_OBJC_ROOT_CLASS = YES_ERROR;
				CLANG_WARN_QUOTED_INCLUDE_IN_FRAMEWORK_HEADER = YES;
				CLANG_WARN_RANGE_LOOP_ANALYSIS = YES;
				CLANG_WARN_STRICT_PROTOTYPES = YES;
				CLANG_WARN_SUSPICIOUS_MOVE = YES;
				CLANG_WARN_UNREACHABLE_CODE = YES;
				CLANG_WARN__DUPLICATE_METHOD_MATCH = YES;
				"CODE_SIGN_IDENTITY[sdk=iphoneos*]" = "iPhone Developer";
				COPY_PHASE_STRIP = NO;
				ENABLE_STRICT_OBJC_MSGSEND = YES;
				ENABLE_TESTABILITY = YES;
				"EXCLUDED_ARCHS[sdk=iphonesimulator*]" = "";
				GCC_C_LANGUAGE_STANDARD = gnu99;
				GCC_DYNAMIC_NO_PIC = NO;
				GCC_NO_COMMON_BLOCKS = YES;
				GCC_OPTIMIZATION_LEVEL = 0;
				GCC_PREPROCESSOR_DEFINITIONS = (
					"DEBUG=1",
					"$(inherited)",
				);
				GCC_SYMBOLS_PRIVATE_EXTERN = NO;
				GCC_WARN_64_TO_32_BIT_CONVERSION = YES;
				GCC_WARN_ABOUT_RETURN_TYPE = YES_ERROR;
				GCC_WARN_UNDECLARED_SELECTOR = YES;
				GCC_WARN_UNINITIALIZED_AUTOS = YES_AGGRESSIVE;
				GCC_WARN_UNUSED_FUNCTION = YES;
				GCC_WARN_UNUSED_VARIABLE = YES;
				IPHONEOS_DEPLOYMENT_TARGET = 12.4;
				LD_RUNPATH_SEARCH_PATHS = (
					/usr/lib/swift,
					"$(inherited)",
				);
				LIBRARY_SEARCH_PATHS = (
					"\"$(SDKROOT)/usr/lib/swift\"",
					"\"$(TOOLCHAIN_DIR)/usr/lib/swift/$(PLATFORM_NAME)\"",
					"\"$(inherited)\"",
				);
				MTL_ENABLE_DEBUG_INFO = YES;
				ONLY_ACTIVE_ARCH = YES;
				OTHER_CPLUSPLUSFLAGS = (
					"$(OTHER_CFLAGS)",
					"-DFOLLY_NO_CONFIG",
					"-DFOLLY_MOBILE=1",
					"-DFOLLY_USE_LIBCPP=1",
				);
				SDKROOT = iphoneos;
			};
			name = Debug;
		};
		83CBBA211A601CBA00E9B192 /* Release */ = {
			isa = XCBuildConfiguration;
			buildSettings = {
				ALWAYS_SEARCH_USER_PATHS = NO;
				CLANG_ANALYZER_LOCALIZABILITY_NONLOCALIZED = YES;
				CLANG_CXX_LANGUAGE_STANDARD = "c++17";
				CLANG_CXX_LIBRARY = "libc++";
				CLANG_ENABLE_MODULES = YES;
				CLANG_ENABLE_OBJC_ARC = YES;
				CLANG_WARN_BLOCK_CAPTURE_AUTORELEASING = YES;
				CLANG_WARN_BOOL_CONVERSION = YES;
				CLANG_WARN_COMMA = YES;
				CLANG_WARN_CONSTANT_CONVERSION = YES;
				CLANG_WARN_DEPRECATED_OBJC_IMPLEMENTATIONS = YES;
				CLANG_WARN_DIRECT_OBJC_ISA_USAGE = YES_ERROR;
				CLANG_WARN_EMPTY_BODY = YES;
				CLANG_WARN_ENUM_CONVERSION = YES;
				CLANG_WARN_INFINITE_RECURSION = YES;
				CLANG_WARN_INT_CONVERSION = YES;
				CLANG_WARN_NON_LITERAL_NULL_CONVERSION = YES;
				CLANG_WARN_OBJC_IMPLICIT_RETAIN_SELF = YES;
				CLANG_WARN_OBJC_LITERAL_CONVERSION = YES;
				CLANG_WARN_OBJC_ROOT_CLASS = YES_ERROR;
				CLANG_WARN_QUOTED_INCLUDE_IN_FRAMEWORK_HEADER = YES;
				CLANG_WARN_RANGE_LOOP_ANALYSIS = YES;
				CLANG_WARN_STRICT_PROTOTYPES = YES;
				CLANG_WARN_SUSPICIOUS_MOVE = YES;
				CLANG_WARN_UNREACHABLE_CODE = YES;
				CLANG_WARN__DUPLICATE_METHOD_MATCH = YES;
				"CODE_SIGN_IDENTITY[sdk=iphoneos*]" = "iPhone Developer";
				COPY_PHASE_STRIP = YES;
				ENABLE_NS_ASSERTIONS = NO;
				ENABLE_STRICT_OBJC_MSGSEND = YES;
				"EXCLUDED_ARCHS[sdk=iphonesimulator*]" = "";
				GCC_C_LANGUAGE_STANDARD = gnu99;
				GCC_NO_COMMON_BLOCKS = YES;
				GCC_WARN_64_TO_32_BIT_CONVERSION = YES;
				GCC_WARN_ABOUT_RETURN_TYPE = YES_ERROR;
				GCC_WARN_UNDECLARED_SELECTOR = YES;
				GCC_WARN_UNINITIALIZED_AUTOS = YES_AGGRESSIVE;
				GCC_WARN_UNUSED_FUNCTION = YES;
				GCC_WARN_UNUSED_VARIABLE = YES;
				IPHONEOS_DEPLOYMENT_TARGET = 12.4;
				LD_RUNPATH_SEARCH_PATHS = (
					/usr/lib/swift,
					"$(inherited)",
				);
				LIBRARY_SEARCH_PATHS = (
					"\"$(SDKROOT)/usr/lib/swift\"",
					"\"$(TOOLCHAIN_DIR)/usr/lib/swift/$(PLATFORM_NAME)\"",
					"\"$(inherited)\"",
				);
				MTL_ENABLE_DEBUG_INFO = NO;
				OTHER_CPLUSPLUSFLAGS = (
					"$(OTHER_CFLAGS)",
					"-DFOLLY_NO_CONFIG",
					"-DFOLLY_MOBILE=1",
					"-DFOLLY_USE_LIBCPP=1",
				);
				SDKROOT = iphoneos;
				VALIDATE_PRODUCT = YES;
			};
			name = Release;
		};
/* End XCBuildConfiguration section */

/* Begin XCConfigurationList section */
		00E357021AD99517003FC87E /* Build configuration list for PBXNativeTarget "movies_appTests" */ = {
			isa = XCConfigurationList;
			buildConfigurations = (
				00E356F61AD99517003FC87E /* Debug */,
				00E356F71AD99517003FC87E /* Release */,
			);
			defaultConfigurationIsVisible = 0;
			defaultConfigurationName = Release;
		};
		13B07F931A680F5B00A75B9A /* Build configuration list for PBXNativeTarget "movies_app" */ = {
			isa = XCConfigurationList;
			buildConfigurations = (
				13B07F941A680F5B00A75B9A /* Debug */,
				13B07F951A680F5B00A75B9A /* Release */,
			);
			defaultConfigurationIsVisible = 0;
			defaultConfigurationName = Release;
		};
		83CBB9FA1A601CBA00E9B192 /* Build configuration list for PBXProject "movies_app" */ = {
			isa = XCConfigurationList;
			buildConfigurations = (
				83CBBA201A601CBA00E9B192 /* Debug */,
				83CBBA211A601CBA00E9B192 /* Release */,
			);
			defaultConfigurationIsVisible = 0;
			defaultConfigurationName = Release;
		};
/* End XCConfigurationList section */
	};
	rootObject = 83CBB9F71A601CBA00E9B192 /* Project object */;
}
